// !$*UTF8*$!
{
	archiveVersion = 1;
	classes = {
	};
	objectVersion = 46;
	objects = {

/* Begin PBXBuildFile section */
		F60EAFF51CAF427E00E9168A /* AppDelegate.swift in Sources */ = {isa = PBXBuildFile; fileRef = F60EAFF41CAF427E00E9168A /* AppDelegate.swift */; };
		F60EAFF71CAF427E00E9168A /* ViewController.swift in Sources */ = {isa = PBXBuildFile; fileRef = F60EAFF61CAF427E00E9168A /* ViewController.swift */; };
		F60EAFFA1CAF427E00E9168A /* Main.storyboard in Resources */ = {isa = PBXBuildFile; fileRef = F60EAFF81CAF427E00E9168A /* Main.storyboard */; };
		F60EAFFC1CAF427E00E9168A /* Assets.xcassets in Resources */ = {isa = PBXBuildFile; fileRef = F60EAFFB1CAF427E00E9168A /* Assets.xcassets */; };
		F60EAFFF1CAF427E00E9168A /* LaunchScreen.storyboard in Resources */ = {isa = PBXBuildFile; fileRef = F60EAFFD1CAF427E00E9168A /* LaunchScreen.storyboard */; };
/* End PBXBuildFile section */

/* Begin PBXFileReference section */
		F60EAFF11CAF427E00E9168A /* ChuckGallery.app */ = {isa = PBXFileReference; explicitFileType = wrapper.application; includeInIndex = 0; path = ChuckGallery.app; sourceTree = BUILT_PRODUCTS_DIR; };
		F60EAFF41CAF427E00E9168A /* AppDelegate.swift */ = {isa = PBXFileReference; lastKnownFileType = sourcecode.swift; path = AppDelegate.swift; sourceTree = "<group>"; };
		F60EAFF61CAF427E00E9168A /* ViewController.swift */ = {isa = PBXFileReference; lastKnownFileType = sourcecode.swift; path = ViewController.swift; sourceTree = "<group>"; };
		F60EAFF91CAF427E00E9168A /* Base */ = {isa = PBXFileReference; lastKnownFileType = file.storyboard; name = Base; path = Base.lproj/Main.storyboard; sourceTree = "<group>"; };
		F60EAFFB1CAF427E00E9168A /* Assets.xcassets */ = {isa = PBXFileReference; lastKnownFileType = folder.assetcatalog; path = Assets.xcassets; sourceTree = "<group>"; };
		F60EAFFE1CAF427E00E9168A /* Base */ = {isa = PBXFileReference; lastKnownFileType = file.storyboard; name = Base; path = Base.lproj/LaunchScreen.storyboard; sourceTree = "<group>"; };
		F60EB0001CAF427E00E9168A /* Info.plist */ = {isa = PBXFileReference; lastKnownFileType = text.plist.xml; path = Info.plist; sourceTree = "<group>"; };
/* End PBXFileReference section */

/* Begin PBXFrameworksBuildPhase section */
		F60EAFEE1CAF427E00E9168A /* Frameworks */ = {
			isa = PBXFrameworksBuildPhase;
			buildActionMask = 2147483647;
			files = (
			);
			runOnlyForDeploymentPostprocessing = 0;
		};
/* End PBXFrameworksBuildPhase section */

/* Begin PBXGroup section */
		F60EAFE81CAF427E00E9168A = {
			isa = PBXGroup;
			children = (
				F60EAFF31CAF427E00E9168A /* ChuckGallery */,
				F60EAFF21CAF427E00E9168A /* Products */,
			);
			sourceTree = "<group>";
		};
		F60EAFF21CAF427E00E9168A /* Products */ = {
			isa = PBXGroup;
			children = (
				F60EAFF11CAF427E00E9168A /* ChuckGallery.app */,
			);
			name = Products;
			sourceTree = "<group>";
		};
		F60EAFF31CAF427E00E9168A /* ChuckGallery */ = {
			isa = PBXGroup;
			children = (
				F60EAFF41CAF427E00E9168A /* AppDelegate.swift */,
				F60EAFF61CAF427E00E9168A /* ViewController.swift */,
				F60EAFF81CAF427E00E9168A /* Main.storyboard */,
				F60EAFFB1CAF427E00E9168A /* Assets.xcassets */,
				F60EAFFD1CAF427E00E9168A /* LaunchScreen.storyboard */,
				F60EB0001CAF427E00E9168A /* Info.plist */,
			);
			path = ChuckGallery;
			sourceTree = "<group>";
		};
/* End PBXGroup section */

/* Begin PBXNativeTarget section */
		F60EAFF01CAF427E00E9168A /* ChuckGallery */ = {
			isa = PBXNativeTarget;
			buildConfigurationList = F60EB0031CAF427E00E9168A /* Build configuration list for PBXNativeTarget "ChuckGallery" */;
			buildPhases = (
				F60EAFED1CAF427E00E9168A /* Sources */,
				F60EAFEE1CAF427E00E9168A /* Frameworks */,
				F60EAFEF1CAF427E00E9168A /* Resources */,
			);
			buildRules = (
			);
			dependencies = (
			);
			name = ChuckGallery;
			productName = ChuckGallery;
			productReference = F60EAFF11CAF427E00E9168A /* ChuckGallery.app */;
			productType = "com.apple.product-type.application";
		};
/* End PBXNativeTarget section */

/* Begin PBXProject section */
		F60EAFE91CAF427E00E9168A /* Project object */ = {
			isa = PBXProject;
			attributes = {
				LastSwiftUpdateCheck = 0730;
				LastUpgradeCheck = 0730;
				ORGANIZATIONNAME = Chuckmoji;
				TargetAttributes = {
					F60EAFF01CAF427E00E9168A = {
						CreatedOnToolsVersion = 7.3;
						DevelopmentTeam = 99LSER4J28;
					};
				};
			};
			buildConfigurationList = F60EAFEC1CAF427E00E9168A /* Build configuration list for PBXProject "ChuckGallery" */;
			compatibilityVersion = "Xcode 3.2";
			developmentRegion = English;
			hasScannedForEncodings = 0;
			knownRegions = (
				en,
				Base,
			);
			mainGroup = F60EAFE81CAF427E00E9168A;
			productRefGroup = F60EAFF21CAF427E00E9168A /* Products */;
			projectDirPath = "";
			projectRoot = "";
			targets = (
				F60EAFF01CAF427E00E9168A /* ChuckGallery */,
			);
		};
/* End PBXProject section */

/* Begin PBXResourcesBuildPhase section */
		F60EAFEF1CAF427E00E9168A /* Resources */ = {
			isa = PBXResourcesBuildPhase;
			buildActionMask = 2147483647;
			files = (
				F60EAFFF1CAF427E00E9168A /* LaunchScreen.storyboard in Resources */,
				F60EAFFC1CAF427E00E9168A /* Assets.xcassets in Resources */,
				F60EAFFA1CAF427E00E9168A /* Main.storyboard in Resources */,
			);
			runOnlyForDeploymentPostprocessing = 0;
		};
/* End PBXResourcesBuildPhase section */

/* Begin PBXSourcesBuildPhase section */
		F60EAFED1CAF427E00E9168A /* Sources */ = {
			isa = PBXSourcesBuildPhase;
			buildActionMask = 2147483647;
			files = (
				F60EAFF71CAF427E00E9168A /* ViewController.swift in Sources */,
				F60EAFF51CAF427E00E9168A /* AppDelegate.swift in Sources */,
			);
			runOnlyForDeploymentPostprocessing = 0;
		};
/* End PBXSourcesBuildPhase section */

/* Begin PBXVariantGroup section */
		F60EAFF81CAF427E00E9168A /* Main.storyboard */ = {
			isa = PBXVariantGroup;
			children = (
				F60EAFF91CAF427E00E9168A /* Base */,
			);
			name = Main.storyboard;
			sourceTree = "<group>";
		};
		F60EAFFD1CAF427E00E9168A /* LaunchScreen.storyboard */ = {
			isa = PBXVariantGroup;
			children = (
				F60EAFFE1CAF427E00E9168A /* Base */,
			);
			name = LaunchScreen.storyboard;
			sourceTree = "<group>";
		};
/* End PBXVariantGroup section */

/* Begin XCBuildConfiguration section */
		F60EB0011CAF427E00E9168A /* Debug */ = {
			isa = XCBuildConfiguration;
			buildSettings = {
				ALWAYS_SEARCH_USER_PATHS = NO;
				CLANG_ANALYZER_NONNULL = YES;
				CLANG_CXX_LANGUAGE_STANDARD = "gnu++0x";
				CLANG_CXX_LIBRARY = "libc++";
				CLANG_ENABLE_MODULES = YES;
				CLANG_ENABLE_OBJC_ARC = YES;
				CLANG_WARN_BOOL_CONVERSION = YES;
				CLANG_WARN_CONSTANT_CONVERSION = YES;
				CLANG_WARN_DIRECT_OBJC_ISA_USAGE = YES_ERROR;
				CLANG_WARN_EMPTY_BODY = YES;
				CLANG_WARN_ENUM_CONVERSION = YES;
				CLANG_WARN_INT_CONVERSION = YES;
				CLANG_WARN_OBJC_ROOT_CLASS = YES_ERROR;
				CLANG_WARN_UNREACHABLE_CODE = YES;
				CLANG_WARN__DUPLICATE_METHOD_MATCH = YES;
				"CODE_SIGN_IDENTITY[sdk=iphoneos*]" = "iPhone Developer";
				COPY_PHASE_STRIP = NO;
				DEBUG_INFORMATION_FORMAT = dwarf;
				ENABLE_STRICT_OBJC_MSGSEND = YES;
				ENABLE_TESTABILITY = YES;
				GCC_C_LANGUAGE_STANDARD = gnu99;
				GCC_DYNAMIC_NO_PIC = NO;
				GCC_NO_COMMON_BLOCKS = YES;
				GCC_OPTIMIZATION_LEVEL = 0;
				GCC_PREPROCESSOR_DEFINITIONS = (
					"DEBUG=1",
					"$(inherited)",
				);
				GCC_WARN_64_TO_32_BIT_CONVERSION = YES;
				GCC_WARN_ABOUT_RETURN_TYPE = YES_ERROR;
				GCC_WARN_UNDECLARED_SELECTOR = YES;
				GCC_WARN_UNINITIALIZED_AUTOS = YES_AGGRESSIVE;
				GCC_WARN_UNUSED_FUNCTION = YES;
				GCC_WARN_UNUSED_VARIABLE = YES;
				IPHONEOS_DEPLOYMENT_TARGET = 9.3;
				MTL_ENABLE_DEBUG_INFO = YES;
				ONLY_ACTIVE_ARCH = YES;
				SDKROOT = iphoneos;
				SWIFT_OPTIMIZATION_LEVEL = "-Onone";
				TARGETED_DEVICE_FAMILY = "1,2";
			};
			name = Debug;
		};
		F60EB0021CAF427E00E9168A /* Release */ = {
			isa = XCBuildConfiguration;
			buildSettings = {
				ALWAYS_SEARCH_USER_PATHS = NO;
				CLANG_ANALYZER_NONNULL = YES;
				CLANG_CXX_LANGUAGE_STANDARD = "gnu++0x";
				CLANG_CXX_LIBRARY = "libc++";
				CLANG_ENABLE_MODULES = YES;
				CLANG_ENABLE_OBJC_ARC = YES;
				CLANG_WARN_BOOL_CONVERSION = YES;
				CLANG_WARN_CONSTANT_CONVERSION = YES;
				CLANG_WARN_DIRECT_OBJC_ISA_USAGE = YES_ERROR;
				CLANG_WARN_EMPTY_BODY = YES;
				CLANG_WARN_ENUM_CONVERSION = YES;
				CLANG_WARN_INT_CONVERSION = YES;
				CLANG_WARN_OBJC_ROOT_CLASS = YES_ERROR;
				CLANG_WARN_UNREACHABLE_CODE = YES;
				CLANG_WARN__DUPLICATE_METHOD_MATCH = YES;
				"CODE_SIGN_IDENTITY[sdk=iphoneos*]" = "iPhone Developer";
				COPY_PHASE_STRIP = NO;
				DEBUG_INFORMATION_FORMAT = "dwarf-with-dsym";
				ENABLE_NS_ASSERTIONS = NO;
				ENABLE_STRICT_OBJC_MSGSEND = YES;
				GCC_C_LANGUAGE_STANDARD = gnu99;
				GCC_NO_COMMON_BLOCKS = YES;
				GCC_WARN_64_TO_32_BIT_CONVERSION = YES;
				GCC_WARN_ABOUT_RETURN_TYPE = YES_ERROR;
				GCC_WARN_UNDECLARED_SELECTOR = YES;
				GCC_WARN_UNINITIALIZED_AUTOS = YES_AGGRESSIVE;
				GCC_WARN_UNUSED_FUNCTION = YES;
				GCC_WARN_UNUSED_VARIABLE = YES;
				IPHONEOS_DEPLOYMENT_TARGET = 9.3;
				MTL_ENABLE_DEBUG_INFO = NO;
				SDKROOT = iphoneos;
				TARGETED_DEVICE_FAMILY = "1,2";
				VALIDATE_PRODUCT = YES;
			};
			name = Release;
		};
		F60EB0041CAF427E00E9168A /* Debug */ = {
			isa = XCBuildConfiguration;
			buildSettings = {
				ASSETCATALOG_COMPILER_APPICON_NAME = AppIcon;
				INFOPLIST_FILE = ChuckGallery/Info.plist;
				LD_RUNPATH_SEARCH_PATHS = "$(inherited) @executable_path/Frameworks";
				PRODUCT_BUNDLE_IDENTIFIER = chuckmoji.ChuckGallery;
				PRODUCT_NAME = "$(TARGET_NAME)";
			};
			name = Debug;
		};
		F60EB0051CAF427E00E9168A /* Release */ = {
			isa = XCBuildConfiguration;
			buildSettings = {
				ASSETCATALOG_COMPILER_APPICON_NAME = AppIcon;
				INFOPLIST_FILE = ChuckGallery/Info.plist;
				LD_RUNPATH_SEARCH_PATHS = "$(inherited) @executable_path/Frameworks";
				PRODUCT_BUNDLE_IDENTIFIER = chuckmoji.ChuckGallery;
				PRODUCT_NAME = "$(TARGET_NAME)";
			};
			name = Release;
		};
/* End XCBuildConfiguration section */

/* Begin XCConfigurationList section */
		F60EAFEC1CAF427E00E9168A /* Build configuration list for PBXProject "ChuckGallery" */ = {
			isa = XCConfigurationList;
			buildConfigurations = (
				F60EB0011CAF427E00E9168A /* Debug */,
				F60EB0021CAF427E00E9168A /* Release */,
			);
			defaultConfigurationIsVisible = 0;
			defaultConfigurationName = Release;
		};
		F60EB0031CAF427E00E9168A /* Build configuration list for PBXNativeTarget "ChuckGallery" */ = {
			isa = XCConfigurationList;
			buildConfigurations = (
				F60EB0041CAF427E00E9168A /* Debug */,
				F60EB0051CAF427E00E9168A /* Release */,
			);
			defaultConfigurationIsVisible = 0;
		};
/* End XCConfigurationList section */
	};
	rootObject = F60EAFE91CAF427E00E9168A /* Project object */;
}
